{
  "version": 4,
  "terraform_version": "1.4.6",
  "serial": 51,
  "lineage": "912d33bf-7391-8c09-82c0-e207b030e2ab",
  "outputs": {},
  "resources": [
    {
      "mode": "data",
      "type": "kubectl_file_documents",
      "name": "metal_lb",
      "provider": "provider[\"registry.terraform.io/gavinbunney/kubectl\"]",
      "instances": [
        {
          "schema_version": 0,
          "attributes": {
            "content": "---\n# Metallb address pool\napiVersion: metallb.io/v1beta1\nkind: IPAddressPool\nmetadata:\n  name: ip-pool\n  namespace: metallb\nspec:\n  addresses:\n    - 192.168.1.180-192.168.1.240\n---\n# L2 configuration\napiVersion: metallb.io/v1beta1\nkind: L2Advertisement\nmetadata:\n  name: l2-advert\n  namespace: metallb\nspec:\n  ipAddressPools:\n    - ip-pool",
            "documents": [
              "---\n# Metallb address pool\napiVersion: metallb.io/v1beta1\nkind: IPAddressPool\nmetadata:\n  name: ip-pool\n  namespace: metallb\nspec:\n  addresses:\n    - 192.168.1.180-192.168.1.240",
              "# L2 configuration\napiVersion: metallb.io/v1beta1\nkind: L2Advertisement\nmetadata:\n  name: l2-advert\n  namespace: metallb\nspec:\n  ipAddressPools:\n    - ip-pool"
            ],
            "id": "47a5e2b58e691e0d518d87268eab85ae89483fe976e094a2bcb3e31cbd2fd4fd",
            "manifests": {
              "/apis/metallb.io/v1beta1/namespaces/metallb/ipaddresspools/ip-pool": "apiVersion: metallb.io/v1beta1\nkind: IPAddressPool\nmetadata:\n  name: ip-pool\n  namespace: metallb\nspec:\n  addresses:\n  - 192.168.1.180-192.168.1.240\n",
              "/apis/metallb.io/v1beta1/namespaces/metallb/l2advertisements/l2-advert": "apiVersion: metallb.io/v1beta1\nkind: L2Advertisement\nmetadata:\n  name: l2-advert\n  namespace: metallb\nspec:\n  ipAddressPools:\n  - ip-pool\n"
            }
          },
          "sensitive_attributes": []
        }
      ]
    },
    {
      "mode": "data",
      "type": "kubectl_file_documents",
      "name": "test-deployment",
      "provider": "provider[\"registry.terraform.io/gavinbunney/kubectl\"]",
      "instances": [
        {
          "schema_version": 0,
          "attributes": {
            "content": "apiVersion: apps/v1\nkind: Deployment\nmetadata:\n  name: nginx\nspec:\n  selector:\n    matchLabels:\n      app: nginx\n  template:\n    metadata:\n      labels:\n        app: nginx\n    spec:\n      containers:\n        - name: nginx\n          image: nginx:1\n          ports:\n            - name: http\n              containerPort: 80\n---\napiVersion: v1\nkind: Service\nmetadata:\n  name: nginx\nspec:\n  ports:\n    - name: http\n      port: 8080\n      protocol: TCP\n      targetPort: 80\n  selector:\n    app: nginx\n  type: LoadBalancer",
            "documents": [
              "apiVersion: apps/v1\nkind: Deployment\nmetadata:\n  name: nginx\nspec:\n  selector:\n    matchLabels:\n      app: nginx\n  template:\n    metadata:\n      labels:\n        app: nginx\n    spec:\n      containers:\n        - name: nginx\n          image: nginx:1\n          ports:\n            - name: http\n              containerPort: 80",
              "apiVersion: v1\nkind: Service\nmetadata:\n  name: nginx\nspec:\n  ports:\n    - name: http\n      port: 8080\n      protocol: TCP\n      targetPort: 80\n  selector:\n    app: nginx\n  type: LoadBalancer"
            ],
            "id": "627df825e6919cf071d69fbc3619e402e23b0436b1c58b20d2f1981257723a93",
            "manifests": {
              "/api/v1/services/nginx": "apiVersion: v1\nkind: Service\nmetadata:\n  name: nginx\nspec:\n  ports:\n  - name: http\n    port: 8080\n    protocol: TCP\n    targetPort: 80\n  selector:\n    app: nginx\n  type: LoadBalancer\n",
              "/apis/apps/v1/deployments/nginx": "apiVersion: apps/v1\nkind: Deployment\nmetadata:\n  name: nginx\nspec:\n  selector:\n    matchLabels:\n      app: nginx\n  template:\n    metadata:\n      labels:\n        app: nginx\n    spec:\n      containers:\n      - image: nginx:1\n        name: nginx\n        ports:\n        - containerPort: 80\n          name: http\n"
            }
          },
          "sensitive_attributes": []
        }
      ]
    },
    {
      "mode": "managed",
      "type": "helm_release",
      "name": "metal_lb",
      "provider": "provider[\"registry.terraform.io/hashicorp/helm\"]",
      "instances": [
        {
          "schema_version": 1,
          "attributes": {
            "atomic": false,
            "chart": "metallb",
            "cleanup_on_fail": false,
            "create_namespace": false,
            "dependency_update": false,
            "description": null,
            "devel": null,
            "disable_crd_hooks": false,
            "disable_openapi_validation": false,
            "disable_webhooks": false,
            "force_update": false,
            "id": "metallb",
            "keyring": null,
            "lint": false,
            "manifest": null,
            "max_history": 0,
            "metadata": [
              {
                "app_version": "v0.13.9",
                "chart": "metallb",
                "name": "metallb",
                "namespace": "metallb",
                "revision": 1,
                "values": "{\"labels\":{\"pod-security\":{\"kubernetes.io/audit\":\"privileged\",\"kubernetes.io/enforce\":\"privileged\",\"kubernetes.io/warn\":\"privileged\"}},\"speaker\":{\"secretName\":\"memberlist\"}}",
                "version": "0.13.9"
              }
            ],
            "name": "metallb",
            "namespace": "metallb",
            "pass_credentials": false,
            "postrender": [],
            "recreate_pods": false,
            "render_subchart_notes": true,
            "replace": false,
            "repository": "https://metallb.github.io/metallb",
            "repository_ca_file": null,
            "repository_cert_file": null,
            "repository_key_file": null,
            "repository_password": null,
            "repository_username": null,
            "reset_values": false,
            "reuse_values": false,
            "set": [
              {
                "name": "labels.pod-security.kubernetes\\.io/audit",
                "type": "",
                "value": "privileged"
              },
              {
                "name": "labels.pod-security.kubernetes\\.io/enforce",
                "type": "",
                "value": "privileged"
              },
              {
                "name": "labels.pod-security.kubernetes\\.io/warn",
                "type": "",
                "value": "privileged"
              },
              {
                "name": "speaker.secretName",
                "type": "",
                "value": "memberlist"
              }
            ],
            "set_sensitive": [],
            "skip_crds": false,
            "status": "deployed",
            "timeout": 300,
            "values": null,
            "verify": false,
            "version": "0.13.9",
            "wait": true,
            "wait_for_jobs": false
          },
          "sensitive_attributes": [],
          "private": "eyJzY2hlbWFfdmVyc2lvbiI6IjEifQ==",
          "dependencies": [
            "kubernetes_namespace.metallb"
          ]
        }
      ]
    },
    {
      "mode": "managed",
      "type": "kubectl_manifest",
      "name": "metal_lb",
      "provider": "provider[\"registry.terraform.io/gavinbunney/kubectl\"]",
      "instances": [
        {
          "index_key": "/apis/metallb.io/v1beta1/namespaces/metallb/ipaddresspools/ip-pool",
          "schema_version": 1,
          "attributes": {
            "api_version": "metallb.io/v1beta1",
            "apply_only": false,
            "force_conflicts": false,
            "force_new": false,
            "id": "/apis/metallb.io/v1beta1/namespaces/metallb/ipaddresspools/ip-pool",
            "ignore_fields": null,
            "kind": "IPAddressPool",
            "live_manifest_incluster": "a81d6e64b788712e0a63e2ae92687c30e10259469a6225ec905d87b92c45ef12",
            "live_uid": "47fb794d-94ec-441e-99a1-5ed3185750c7",
            "name": "ip-pool",
            "namespace": "metallb",
            "override_namespace": null,
            "sensitive_fields": null,
            "server_side_apply": false,
            "timeouts": null,
            "uid": "47fb794d-94ec-441e-99a1-5ed3185750c7",
            "validate_schema": true,
            "wait": null,
            "wait_for_rollout": true,
            "yaml_body": "apiVersion: metallb.io/v1beta1\nkind: IPAddressPool\nmetadata:\n  name: ip-pool\n  namespace: metallb\nspec:\n  addresses:\n  - 192.168.1.180-192.168.1.240\n",
            "yaml_body_parsed": "apiVersion: metallb.io/v1beta1\nkind: IPAddressPool\nmetadata:\n  name: ip-pool\n  namespace: metallb\nspec:\n  addresses:\n  - 192.168.1.180-192.168.1.240\n",
            "yaml_incluster": "a81d6e64b788712e0a63e2ae92687c30e10259469a6225ec905d87b92c45ef12"
          },
          "sensitive_attributes": [],
          "private": "eyJlMmJmYjczMC1lY2FhLTExZTYtOGY4OC0zNDM2M2JjN2M0YzAiOnsiY3JlYXRlIjo2MDAwMDAwMDAwMDB9LCJzY2hlbWFfdmVyc2lvbiI6IjEifQ==",
          "dependencies": [
            "data.kubectl_file_documents.metal_lb"
          ]
        },
        {
          "index_key": "/apis/metallb.io/v1beta1/namespaces/metallb/l2advertisements/l2-advert",
          "schema_version": 1,
          "attributes": {
            "api_version": "metallb.io/v1beta1",
            "apply_only": false,
            "force_conflicts": false,
            "force_new": false,
            "id": "/apis/metallb.io/v1beta1/namespaces/metallb/l2advertisements/l2-advert",
            "ignore_fields": null,
            "kind": "L2Advertisement",
            "live_manifest_incluster": "d16209ac2b69d4a2b11ce5e3353ef13e6eb10b0c6ee854318bd1cdda5a35e152",
            "live_uid": "a43aca18-97c0-47c3-932d-1bc3d070ce26",
            "name": "l2-advert",
            "namespace": "metallb",
            "override_namespace": null,
            "sensitive_fields": null,
            "server_side_apply": false,
            "timeouts": null,
            "uid": "a43aca18-97c0-47c3-932d-1bc3d070ce26",
            "validate_schema": true,
            "wait": null,
            "wait_for_rollout": true,
            "yaml_body": "apiVersion: metallb.io/v1beta1\nkind: L2Advertisement\nmetadata:\n  name: l2-advert\n  namespace: metallb\nspec:\n  ipAddressPools:\n  - ip-pool\n",
            "yaml_body_parsed": "apiVersion: metallb.io/v1beta1\nkind: L2Advertisement\nmetadata:\n  name: l2-advert\n  namespace: metallb\nspec:\n  ipAddressPools:\n  - ip-pool\n",
            "yaml_incluster": "d16209ac2b69d4a2b11ce5e3353ef13e6eb10b0c6ee854318bd1cdda5a35e152"
          },
          "sensitive_attributes": [],
          "private": "eyJlMmJmYjczMC1lY2FhLTExZTYtOGY4OC0zNDM2M2JjN2M0YzAiOnsiY3JlYXRlIjo2MDAwMDAwMDAwMDB9LCJzY2hlbWFfdmVyc2lvbiI6IjEifQ==",
          "dependencies": [
            "data.kubectl_file_documents.metal_lb"
          ]
        }
      ]
    },
    {
      "mode": "managed",
      "type": "kubectl_manifest",
      "name": "test-deployment",
      "provider": "provider[\"registry.terraform.io/gavinbunney/kubectl\"]",
      "instances": [
        {
          "index_key": "/api/v1/services/nginx",
          "schema_version": 1,
          "attributes": {
            "api_version": "v1",
            "apply_only": false,
            "force_conflicts": false,
            "force_new": false,
            "id": "/api/v1/namespaces/default/services/nginx",
            "ignore_fields": null,
            "kind": "Service",
            "live_manifest_incluster": "ba75f463a42d6df5615b5ef776fb7963a6fae860a51b2c15118b5367592a0db4",
            "live_uid": "9f14e057-21aa-45a1-96a0-1c91937df4f1",
            "name": "nginx",
            "namespace": null,
            "override_namespace": null,
            "sensitive_fields": null,
            "server_side_apply": false,
            "timeouts": null,
            "uid": "9f14e057-21aa-45a1-96a0-1c91937df4f1",
            "validate_schema": true,
            "wait": null,
            "wait_for_rollout": true,
            "yaml_body": "apiVersion: v1\nkind: Service\nmetadata:\n  name: nginx\nspec:\n  ports:\n  - name: http\n    port: 8080\n    protocol: TCP\n    targetPort: 80\n  selector:\n    app: nginx\n  type: LoadBalancer\n",
            "yaml_body_parsed": "apiVersion: v1\nkind: Service\nmetadata:\n  name: nginx\nspec:\n  ports:\n  - name: http\n    port: 8080\n    protocol: TCP\n    targetPort: 80\n  selector:\n    app: nginx\n  type: LoadBalancer\n",
            "yaml_incluster": "ba75f463a42d6df5615b5ef776fb7963a6fae860a51b2c15118b5367592a0db4"
          },
          "sensitive_attributes": [],
          "private": "eyJlMmJmYjczMC1lY2FhLTExZTYtOGY4OC0zNDM2M2JjN2M0YzAiOnsiY3JlYXRlIjo2MDAwMDAwMDAwMDB9LCJzY2hlbWFfdmVyc2lvbiI6IjEifQ==",
          "dependencies": [
            "data.kubectl_file_documents.test-deployment"
          ]
        },
        {
          "index_key": "/apis/apps/v1/deployments/nginx",
          "schema_version": 1,
          "attributes": {
            "api_version": "apps/v1",
            "apply_only": false,
            "force_conflicts": false,
            "force_new": false,
            "id": "/apis/apps/v1/namespaces/default/deployments/nginx",
            "ignore_fields": null,
            "kind": "Deployment",
            "live_manifest_incluster": "2ead980632de46974b0d62a98300d886d358d9d05954ae1bccdedc7de1999ad6",
            "live_uid": "ebc469e2-2e7e-4b1e-97d3-f885f80e7a2e",
            "name": "nginx",
            "namespace": null,
            "override_namespace": null,
            "sensitive_fields": null,
            "server_side_apply": false,
            "timeouts": null,
            "uid": "ebc469e2-2e7e-4b1e-97d3-f885f80e7a2e",
            "validate_schema": true,
            "wait": null,
            "wait_for_rollout": true,
            "yaml_body": "apiVersion: apps/v1\nkind: Deployment\nmetadata:\n  name: nginx\nspec:\n  selector:\n    matchLabels:\n      app: nginx\n  template:\n    metadata:\n      labels:\n        app: nginx\n    spec:\n      containers:\n      - image: nginx:1\n        name: nginx\n        ports:\n        - containerPort: 80\n          name: http\n",
            "yaml_body_parsed": "apiVersion: apps/v1\nkind: Deployment\nmetadata:\n  name: nginx\nspec:\n  selector:\n    matchLabels:\n      app: nginx\n  template:\n    metadata:\n      labels:\n        app: nginx\n    spec:\n      containers:\n      - image: nginx:1\n        name: nginx\n        ports:\n        - containerPort: 80\n          name: http\n",
            "yaml_incluster": "2ead980632de46974b0d62a98300d886d358d9d05954ae1bccdedc7de1999ad6"
          },
          "sensitive_attributes": [],
          "private": "eyJlMmJmYjczMC1lY2FhLTExZTYtOGY4OC0zNDM2M2JjN2M0YzAiOnsiY3JlYXRlIjo2MDAwMDAwMDAwMDB9LCJzY2hlbWFfdmVyc2lvbiI6IjEifQ==",
          "dependencies": [
            "data.kubectl_file_documents.test-deployment"
          ]
        }
      ]
    },
    {
      "mode": "managed",
      "type": "kubernetes_namespace",
      "name": "metallb",
      "provider": "provider[\"registry.terraform.io/hashicorp/kubernetes\"]",
      "instances": [
        {
          "schema_version": 0,
          "attributes": {
            "id": "metallb",
            "metadata": [
              {
                "annotations": {},
                "generate_name": "",
                "generation": 0,
                "labels": {},
                "name": "metallb",
                "resource_version": "3600",
                "uid": "3f6c5745-1cc1-460f-bc89-bfa3bf9febd3"
              }
            ],
            "timeouts": null
          },
          "sensitive_attributes": [],
          "private": "eyJlMmJmYjczMC1lY2FhLTExZTYtOGY4OC0zNDM2M2JjN2M0YzAiOnsiZGVsZXRlIjozMDAwMDAwMDAwMDB9fQ=="
        }
      ]
    }
  ],
  "check_results": null
}
